
Microsoft Visual Studio Solution File, Format Version 12.00
# Visual Studio Version 17
VisualStudioVersion = 17.3.32929.385
MinimumVisualStudioVersion = 10.0.40219.1
Project("{FAE04EC0-301F-11D3-BF4B-00C04F79EFBC}") = "MinAPI", "MinAPI\MinAPI.csproj", "{323A78A7-27FC-45EA-8846-365C9AE81482}"
EndProject
Global
	GlobalSection(SolutionConfigurationPlatforms) = preSolution
		Debug|Any CPU = Debug|Any CPU
		Release|Any CPU = Release|Any CPU
	EndGlobalSection
	GlobalSection(ProjectConfigurationPlatforms) = postSolution
		{323A78A7-27FC-45EA-8846-365C9AE81482}.Debug|Any CPU.ActiveCfg = Debug|Any CPU
		{323A78A7-27FC-45EA-8846-365C9AE81482}.Debug|Any CPU.Build.0 = Debug|Any CPU
		{323A78A7-27FC-45EA-8846-365C9AE81482}.Release|Any CPU.ActiveCfg = Release|Any CPU
		{323A78A7-27FC-45EA-8846-365C9AE81482}.Release|Any CPU.Build.0 = Release|Any CPU
	EndGlobalSection
	GlobalSection(SolutionProperties) = preSolution
		HideSolutionNode = FALSE
	EndGlobalSection
	GlobalSection(ExtensibilityGlobals) = postSolution
		SolutionGuid = {C423C4B4-C537-4A11-937C-03CF061C856C}
	EndGlobalSection
EndGlobal
